
Microsoft Visual Studio Solution File, Format Version 12.00
# Visual Studio Version 17
VisualStudioVersion = 17.9.34607.119
MinimumVisualStudioVersion = 10.0.40219.1
Project("{2150E333-8FDC-42A3-9474-1A3956D46DE8}") = "Backend", "Backend", "{FE79AF09-E166-434A-AA0E-0EEF6A8066C9}"
EndProject
Project("{2150E333-8FDC-42A3-9474-1A3956D46DE8}") = "Frontend", "Frontend", "{2BF26F86-762D-4378-B4D0-0E8805CEDBF5}"
EndProject
Project("{9A19103F-16F7-4668-BE54-9A1E7A4F7556}") = "RSM.DAL", "RSM.DAL\RSM.DAL.csproj", "{ED47D2E0-F1DC-4F54-BF1C-5D9A6DDD1FCC}"
EndProject
Project("{9A19103F-16F7-4668-BE54-9A1E7A4F7556}") = "RSM.BL", "RSM.BL\RSM.BL.csproj", "{B40E2C1E-2D92-492B-8299-1167245FB500}"
EndProject
Project("{9A19103F-16F7-4668-BE54-9A1E7A4F7556}") = "RSM.EN", "RSM.EN\RSM.EN.csproj", "{7B384B82-4BD8-4E6D-A5F2-A29521577CDE}"
EndProject
Project("{9A19103F-16F7-4668-BE54-9A1E7A4F7556}") = "RSM.API", "RSM.API\RSM.API.csproj", "{CA2DFE2C-F340-4842-9AA5-C11C09F80C81}"
EndProject
Project("{9A19103F-16F7-4668-BE54-9A1E7A4F7556}") = "RSM.WEB", "RSM.WEB\RSM.WEB.csproj", "{9230A212-D5E8-4D02-A5E5-D69B5F0459F7}"
EndProject
Global
	GlobalSection(SolutionConfigurationPlatforms) = preSolution
		Debug|Any CPU = Debug|Any CPU
		Release|Any CPU = Release|Any CPU
	EndGlobalSection
	GlobalSection(ProjectConfigurationPlatforms) = postSolution
		{ED47D2E0-F1DC-4F54-BF1C-5D9A6DDD1FCC}.Debug|Any CPU.ActiveCfg = Debug|Any CPU
		{ED47D2E0-F1DC-4F54-BF1C-5D9A6DDD1FCC}.Debug|Any CPU.Build.0 = Debug|Any CPU
		{ED47D2E0-F1DC-4F54-BF1C-5D9A6DDD1FCC}.Release|Any CPU.ActiveCfg = Release|Any CPU
		{ED47D2E0-F1DC-4F54-BF1C-5D9A6DDD1FCC}.Release|Any CPU.Build.0 = Release|Any CPU
		{B40E2C1E-2D92-492B-8299-1167245FB500}.Debug|Any CPU.ActiveCfg = Debug|Any CPU
		{B40E2C1E-2D92-492B-8299-1167245FB500}.Debug|Any CPU.Build.0 = Debug|Any CPU
		{B40E2C1E-2D92-492B-8299-1167245FB500}.Release|Any CPU.ActiveCfg = Release|Any CPU
		{B40E2C1E-2D92-492B-8299-1167245FB500}.Release|Any CPU.Build.0 = Release|Any CPU
		{7B384B82-4BD8-4E6D-A5F2-A29521577CDE}.Debug|Any CPU.ActiveCfg = Debug|Any CPU
		{7B384B82-4BD8-4E6D-A5F2-A29521577CDE}.Debug|Any CPU.Build.0 = Debug|Any CPU
		{7B384B82-4BD8-4E6D-A5F2-A29521577CDE}.Release|Any CPU.ActiveCfg = Release|Any CPU
		{7B384B82-4BD8-4E6D-A5F2-A29521577CDE}.Release|Any CPU.Build.0 = Release|Any CPU
		{CA2DFE2C-F340-4842-9AA5-C11C09F80C81}.Debug|Any CPU.ActiveCfg = Debug|Any CPU
		{CA2DFE2C-F340-4842-9AA5-C11C09F80C81}.Debug|Any CPU.Build.0 = Debug|Any CPU
		{CA2DFE2C-F340-4842-9AA5-C11C09F80C81}.Release|Any CPU.ActiveCfg = Release|Any CPU
		{CA2DFE2C-F340-4842-9AA5-C11C09F80C81}.Release|Any CPU.Build.0 = Release|Any CPU
		{9230A212-D5E8-4D02-A5E5-D69B5F0459F7}.Debug|Any CPU.ActiveCfg = Debug|Any CPU
		{9230A212-D5E8-4D02-A5E5-D69B5F0459F7}.Debug|Any CPU.Build.0 = Debug|Any CPU
		{9230A212-D5E8-4D02-A5E5-D69B5F0459F7}.Release|Any CPU.ActiveCfg = Release|Any CPU
		{9230A212-D5E8-4D02-A5E5-D69B5F0459F7}.Release|Any CPU.Build.0 = Release|Any CPU
	EndGlobalSection
	GlobalSection(SolutionProperties) = preSolution
		HideSolutionNode = FALSE
	EndGlobalSection
	GlobalSection(NestedProjects) = preSolution
		{ED47D2E0-F1DC-4F54-BF1C-5D9A6DDD1FCC} = {FE79AF09-E166-434A-AA0E-0EEF6A8066C9}
		{B40E2C1E-2D92-492B-8299-1167245FB500} = {FE79AF09-E166-434A-AA0E-0EEF6A8066C9}
		{7B384B82-4BD8-4E6D-A5F2-A29521577CDE} = {FE79AF09-E166-434A-AA0E-0EEF6A8066C9}
		{CA2DFE2C-F340-4842-9AA5-C11C09F80C81} = {FE79AF09-E166-434A-AA0E-0EEF6A8066C9}
		{9230A212-D5E8-4D02-A5E5-D69B5F0459F7} = {2BF26F86-762D-4378-B4D0-0E8805CEDBF5}
	EndGlobalSection
	GlobalSection(ExtensibilityGlobals) = postSolution
		SolutionGuid = {32731A21-2B21-454F-8524-2936E9EECE2E}
	EndGlobalSection
EndGlobal
